
Microsoft Visual Studio Solution File, Format Version 12.00
# Visual Studio Version 16
VisualStudioVersion = 16.0.30615.102
MinimumVisualStudioVersion = 10.0.40219.1
Project("{FAE04EC0-301F-11D3-BF4B-00C04F79EFBC}") = "DeserializeTest", "DeserializeTest\DeserializeTest.csproj", "{2582CB52-924F-40AA-85BD-8A7D78E6B56F}"
EndProject
Global
	GlobalSection(SolutionConfigurationPlatforms) = preSolution
		Debug|Any CPU = Debug|Any CPU
		Release|Any CPU = Release|Any CPU
	EndGlobalSection
	GlobalSection(ProjectConfigurationPlatforms) = postSolution
		{2582CB52-924F-40AA-85BD-8A7D78E6B56F}.Debug|Any CPU.ActiveCfg = Debug|Any CPU
		{2582CB52-924F-40AA-85BD-8A7D78E6B56F}.Debug|Any CPU.Build.0 = Debug|Any CPU
		{2582CB52-924F-40AA-85BD-8A7D78E6B56F}.Release|Any CPU.ActiveCfg = Release|Any CPU
		{2582CB52-924F-40AA-85BD-8A7D78E6B56F}.Release|Any CPU.Build.0 = Release|Any CPU
	EndGlobalSection
	GlobalSection(SolutionProperties) = preSolution
		HideSolutionNode = FALSE
	EndGlobalSection
	GlobalSection(ExtensibilityGlobals) = postSolution
		SolutionGuid = {1CDBCFDF-96BE-4B16-AF95-EF4DDB4177BF}
	EndGlobalSection
EndGlobal
